Microsoft Visual Studio Solution File, Format Version 12.00
# Visual Studio Version 17
VisualStudioVersion = 17.5.2.0
MinimumVisualStudioVersion = 10.0.40219.1
Project("{FAE04EC0-301F-11D3-BF4B-00C04F79EFBC}") = "MeuCatalogo", "MeuCatalogo\MeuCatalogo.csproj", "{03252BE4-8125-8ACE-14D1-EE77BE5365EF}"
EndProject
Global
	GlobalSection(SolutionConfigurationPlatforms) = preSolution
		Debug|Any CPU = Debug|Any CPU
		Release|Any CPU = Release|Any CPU
	EndGlobalSection
	GlobalSection(ProjectConfigurationPlatforms) = postSolution
		{03252BE4-8125-8ACE-14D1-EE77BE5365EF}.Debug|Any CPU.ActiveCfg = Debug|Any CPU
		{03252BE4-8125-8ACE-14D1-EE77BE5365EF}.Debug|Any CPU.Build.0 = Debug|Any CPU
		{03252BE4-8125-8ACE-14D1-EE77BE5365EF}.Release|Any CPU.ActiveCfg = Release|Any CPU
		{03252BE4-8125-8ACE-14D1-EE77BE5365EF}.Release|Any CPU.Build.0 = Release|Any CPU
	EndGlobalSection
	GlobalSection(SolutionProperties) = preSolution
		HideSolutionNode = FALSE
	EndGlobalSection
	GlobalSection(ExtensibilityGlobals) = postSolution
		SolutionGuid = {A5DE7063-7DC4-41F3-BB11-E7B0431B54B2}
	EndGlobalSection
EndGlobal
